
Microsoft Visual Studio Solution File, Format Version 12.00
# Visual Studio Version 17
VisualStudioVersion = 17.3.32811.315
MinimumVisualStudioVersion = 10.0.40219.1
Project("{FAE04EC0-301F-11D3-BF4B-00C04F79EFBC}") = "GSNet6", "GSNet6\GSNet6.csproj", "{F6D2B3D2-2E6B-4C46-A179-A4D776F69B95}"
EndProject
Global
	GlobalSection(SolutionConfigurationPlatforms) = preSolution
		Debug|Any CPU = Debug|Any CPU
		Release|Any CPU = Release|Any CPU
	EndGlobalSection
	GlobalSection(ProjectConfigurationPlatforms) = postSolution
		{F6D2B3D2-2E6B-4C46-A179-A4D776F69B95}.Debug|Any CPU.ActiveCfg = Debug|Any CPU
		{F6D2B3D2-2E6B-4C46-A179-A4D776F69B95}.Debug|Any CPU.Build.0 = Debug|Any CPU
		{F6D2B3D2-2E6B-4C46-A179-A4D776F69B95}.Release|Any CPU.ActiveCfg = Release|Any CPU
		{F6D2B3D2-2E6B-4C46-A179-A4D776F69B95}.Release|Any CPU.Build.0 = Release|Any CPU
	EndGlobalSection
	GlobalSection(SolutionProperties) = preSolution
		HideSolutionNode = FALSE
	EndGlobalSection
	GlobalSection(ExtensibilityGlobals) = postSolution
		SolutionGuid = {0216CD1C-BA5F-441D-BA62-421B0F62F4FB}
	EndGlobalSection
EndGlobal
